
Microsoft Visual Studio Solution File, Format Version 12.00
# Visual Studio Version 17
VisualStudioVersion = 17.2.32526.322
MinimumVisualStudioVersion = 10.0.40219.1
Project("{FAE04EC0-301F-11D3-BF4B-00C04F79EFBC}") = "7 uslovniy operator", "7 uslovniy operator\7 uslovniy operator.csproj", "{FDD9BCBF-F395-4588-B6F2-A48A0AB87EE2}"
EndProject
Global
	GlobalSection(SolutionConfigurationPlatforms) = preSolution
		Debug|Any CPU = Debug|Any CPU
		Release|Any CPU = Release|Any CPU
	EndGlobalSection
	GlobalSection(ProjectConfigurationPlatforms) = postSolution
		{FDD9BCBF-F395-4588-B6F2-A48A0AB87EE2}.Debug|Any CPU.ActiveCfg = Debug|Any CPU
		{FDD9BCBF-F395-4588-B6F2-A48A0AB87EE2}.Debug|Any CPU.Build.0 = Debug|Any CPU
		{FDD9BCBF-F395-4588-B6F2-A48A0AB87EE2}.Release|Any CPU.ActiveCfg = Release|Any CPU
		{FDD9BCBF-F395-4588-B6F2-A48A0AB87EE2}.Release|Any CPU.Build.0 = Release|Any CPU
	EndGlobalSection
	GlobalSection(SolutionProperties) = preSolution
		HideSolutionNode = FALSE
	EndGlobalSection
	GlobalSection(ExtensibilityGlobals) = postSolution
		SolutionGuid = {083CE048-E712-4ED0-A52B-F3FF2A970099}
	EndGlobalSection
EndGlobal
